[root]
name = "deptree"
version = "0.1.0"
dependencies = [
 "petgraph 0.4.4 (registry+https://github.com/rust-lang/crates.io-index)",
 "serde 0.9.14 (registry+https://github.com/rust-lang/crates.io-index)",
 "serde_derive 0.9.14 (registry+https://github.com/rust-lang/crates.io-index)",
 "serde_yaml 0.6.2 (registry+https://github.com/rust-lang/crates.io-index)",
]

[[package]]
name = "fixedbitset"
version = "0.1.6"
source = "registry+https://github.com/rust-lang/crates.io-index"

[[package]]
name = "linked-hash-map"
version = "0.3.0"
source = "registry+https://github.com/rust-lang/crates.io-index"

[[package]]
name = "ordermap"
version = "0.2.9"
source = "registry+https://github.com/rust-lang/crates.io-index"

[[package]]
name = "petgraph"
version = "0.4.4"
source = "registry+https://github.com/rust-lang/crates.io-index"
dependencies = [
 "fixedbitset 0.1.6 (registry+https://github.com/rust-lang/crates.io-index)",
 "ordermap 0.2.9 (registry+https://github.com/rust-lang/crates.io-index)",
]

[[package]]
name = "quote"
version = "0.3.15"
source = "registry+https://github.com/rust-lang/crates.io-index"

[[package]]
name = "serde"
version = "0.9.14"
source = "registry+https://github.com/rust-lang/crates.io-index"

[[package]]
name = "serde_codegen_internals"
version = "0.14.2"
source = "registry+https://github.com/rust-lang/crates.io-index"
dependencies = [
 "syn 0.11.10 (registry+https://github.com/rust-lang/crates.io-index)",
]

[[package]]
name = "serde_derive"
version = "0.9.14"
source = "registry+https://github.com/rust-lang/crates.io-index"
dependencies = [
 "quote 0.3.15 (registry+https://github.com/rust-lang/crates.io-index)",
 "serde_codegen_internals 0.14.2 (registry+https://github.com/rust-lang/crates.io-index)",
 "syn 0.11.10 (registry+https://github.com/rust-lang/crates.io-index)",
]

[[package]]
name = "serde_yaml"
version = "0.6.2"
source = "registry+https://github.com/rust-lang/crates.io-index"
dependencies = [
 "linked-hash-map 0.3.0 (registry+https://github.com/rust-lang/crates.io-index)",
 "serde 0.9.14 (registry+https://github.com/rust-lang/crates.io-index)",
 "yaml-rust 0.3.5 (registry+https://github.com/rust-lang/crates.io-index)",
]

[[package]]
name = "syn"
version = "0.11.10"
source = "registry+https://github.com/rust-lang/crates.io-index"
dependencies = [
 "quote 0.3.15 (registry+https://github.com/rust-lang/crates.io-index)",
 "synom 0.11.3 (registry+https://github.com/rust-lang/crates.io-index)",
 "unicode-xid 0.0.4 (registry+https://github.com/rust-lang/crates.io-index)",
]

[[package]]
name = "synom"
version = "0.11.3"
source = "registry+https://github.com/rust-lang/crates.io-index"
dependencies = [
 "unicode-xid 0.0.4 (registry+https://github.com/rust-lang/crates.io-index)",
]

[[package]]
name = "unicode-xid"
version = "0.0.4"
source = "registry+https://github.com/rust-lang/crates.io-index"

[[package]]
name = "yaml-rust"
version = "0.3.5"
source = "registry+https://github.com/rust-lang/crates.io-index"
dependencies = [
 "linked-hash-map 0.3.0 (registry+https://github.com/rust-lang/crates.io-index)",
]

[metadata]
"checksum fixedbitset 0.1.6 (registry+https://github.com/rust-lang/crates.io-index)" = "fcf4412e2d11115c5ed81c2fbdaba8028de0c92553497aa771fc5f4e0c5c8793"
"checksum linked-hash-map 0.3.0 (registry+https://github.com/rust-lang/crates.io-index)" = "6d262045c5b87c0861b3f004610afd0e2c851e2908d08b6c870cbb9d5f494ecd"
"checksum ordermap 0.2.9 (registry+https://github.com/rust-lang/crates.io-index)" = "06e5d34d852e6396cf5fceaa24313f753d960a3b7e3abdadcdf43730e791aa3d"
"checksum petgraph 0.4.4 (registry+https://github.com/rust-lang/crates.io-index)" = "28814c774eeabfe38b20e1651f9e9a5ff6efeb3b2a66df25e056f579051ee4b3"
"checksum quote 0.3.15 (registry+https://github.com/rust-lang/crates.io-index)" = "7a6e920b65c65f10b2ae65c831a81a073a89edd28c7cce89475bff467ab4167a"
"checksum serde 0.9.14 (registry+https://github.com/rust-lang/crates.io-index)" = "a4c9a40d556f8431394def53446db659f796dc87a53ef67b7541f21057fbdd91"
"checksum serde_codegen_internals 0.14.2 (registry+https://github.com/rust-lang/crates.io-index)" = "bc888bd283bd2420b16ad0d860e35ad8acb21941180a83a189bb2046f9d00400"
"checksum serde_derive 0.9.14 (registry+https://github.com/rust-lang/crates.io-index)" = "3e472ff72816522c7837cf932585a838576a85e8642632ccf7b8d43b7a1bf1af"
"checksum serde_yaml 0.6.2 (registry+https://github.com/rust-lang/crates.io-index)" = "f8bd3f24ad8c7bcd34a6d70ba676dc11302b96f4f166aa5f947762e01098844d"
"checksum syn 0.11.10 (registry+https://github.com/rust-lang/crates.io-index)" = "171b739972d9a1bfb169e8077238b51f9ebeaae4ff6e08072f7ba386a8802da2"
"checksum synom 0.11.3 (registry+https://github.com/rust-lang/crates.io-index)" = "a393066ed9010ebaed60b9eafa373d4b1baac186dd7e008555b0f702b51945b6"
"checksum unicode-xid 0.0.4 (registry+https://github.com/rust-lang/crates.io-index)" = "8c1f860d7d29cf02cb2f3f359fd35991af3d30bac52c57d265a3c461074cb4dc"
"checksum yaml-rust 0.3.5 (registry+https://github.com/rust-lang/crates.io-index)" = "e66366e18dc58b46801afbf2ca7661a9f59cc8c5962c29892b6039b4f86fa992"
